// !$*UTF8*$!
{
	archiveVersion = 1;
	classes = {
	};
	objectVersion = 46;
	objects = {

/* Begin PBXBuildFile section */
		4CDD676A1B7716A600A05565 /* AppDelegate.swift in Sources */ = {isa = PBXBuildFile; fileRef = 4CDD67691B7716A600A05565 /* AppDelegate.swift */; };
		4CDD676C1B7716A600A05565 /* ViewController.swift in Sources */ = {isa = PBXBuildFile; fileRef = 4CDD676B1B7716A600A05565 /* ViewController.swift */; };
		4CDD676F1B7716A600A05565 /* Main.storyboard in Resources */ = {isa = PBXBuildFile; fileRef = 4CDD676D1B7716A600A05565 /* Main.storyboard */; };
		4CDD67711B7716A600A05565 /* Assets.xcassets in Resources */ = {isa = PBXBuildFile; fileRef = 4CDD67701B7716A600A05565 /* Assets.xcassets */; };
		4CDD67741B7716A600A05565 /* LaunchScreen.storyboard in Resources */ = {isa = PBXBuildFile; fileRef = 4CDD67721B7716A600A05565 /* LaunchScreen.storyboard */; };
		4CDD677F1B7716A600A05565 /* ____Tests.swift in Sources */ = {isa = PBXBuildFile; fileRef = 4CDD677E1B7716A600A05565 /* ____Tests.swift */; };
		4CDD678A1B7716A600A05565 /* ____UITests.swift in Sources */ = {isa = PBXBuildFile; fileRef = 4CDD67891B7716A600A05565 /* ____UITests.swift */; };
/* End PBXBuildFile section */

/* Begin PBXContainerItemProxy section */
		4CDD677B1B7716A600A05565 /* PBXContainerItemProxy */ = {
			isa = PBXContainerItemProxy;
			containerPortal = 4CDD675E1B7716A600A05565 /* Project object */;
			proxyType = 1;
			remoteGlobalIDString = 4CDD67651B7716A600A05565;
			remoteInfo = "紫诺小鸡";
		};
		4CDD67861B7716A600A05565 /* PBXContainerItemProxy */ = {
			isa = PBXContainerItemProxy;
			containerPortal = 4CDD675E1B7716A600A05565 /* Project object */;
			proxyType = 1;
			remoteGlobalIDString = 4CDD67651B7716A600A05565;
			remoteInfo = "紫诺小鸡";
		};
/* End PBXContainerItemProxy section */

/* Begin PBXFileReference section */
		4CDD67661B7716A600A05565 /* 紫诺小鸡.app */ = {isa = PBXFileReference; explicitFileType = wrapper.application; includeInIndex = 0; path = "紫诺小鸡.app"; sourceTree = BUILT_PRODUCTS_DIR; };
		4CDD67691B7716A600A05565 /* AppDelegate.swift */ = {isa = PBXFileReference; lastKnownFileType = sourcecode.swift; path = AppDelegate.swift; sourceTree = "<group>"; };
		4CDD676B1B7716A600A05565 /* ViewController.swift */ = {isa = PBXFileReference; lastKnownFileType = sourcecode.swift; path = ViewController.swift; sourceTree = "<group>"; };
		4CDD676E1B7716A600A05565 /* Base */ = {isa = PBXFileReference; lastKnownFileType = file.storyboard; name = Base; path = Base.lproj/Main.storyboard; sourceTree = "<group>"; };
		4CDD67701B7716A600A05565 /* Assets.xcassets */ = {isa = PBXFileReference; lastKnownFileType = folder.assetcatalog; path = Assets.xcassets; sourceTree = "<group>"; };
		4CDD67731B7716A600A05565 /* Base */ = {isa = PBXFileReference; lastKnownFileType = file.storyboard; name = Base; path = Base.lproj/LaunchScreen.storyboard; sourceTree = "<group>"; };
		4CDD67751B7716A600A05565 /* Info.plist */ = {isa = PBXFileReference; lastKnownFileType = text.plist.xml; path = Info.plist; sourceTree = "<group>"; };
		4CDD677A1B7716A600A05565 /* 紫诺小鸡Tests.xctest */ = {isa = PBXFileReference; explicitFileType = wrapper.cfbundle; includeInIndex = 0; path = "紫诺小鸡Tests.xctest"; sourceTree = BUILT_PRODUCTS_DIR; };
		4CDD677E1B7716A600A05565 /* ____Tests.swift */ = {isa = PBXFileReference; lastKnownFileType = sourcecode.swift; path = "____Tests.swift"; sourceTree = "<group>"; };
		4CDD67801B7716A600A05565 /* Info.plist */ = {isa = PBXFileReference; lastKnownFileType = text.plist.xml; path = Info.plist; sourceTree = "<group>"; };
		4CDD67851B7716A600A05565 /* 紫诺小鸡UITests.xctest */ = {isa = PBXFileReference; explicitFileType = wrapper.cfbundle; includeInIndex = 0; path = "紫诺小鸡UITests.xctest"; sourceTree = BUILT_PRODUCTS_DIR; };
		4CDD67891B7716A600A05565 /* ____UITests.swift */ = {isa = PBXFileReference; lastKnownFileType = sourcecode.swift; path = "____UITests.swift"; sourceTree = "<group>"; };
		4CDD678B1B7716A600A05565 /* Info.plist */ = {isa = PBXFileReference; lastKnownFileType = text.plist.xml; path = Info.plist; sourceTree = "<group>"; };
/* End PBXFileReference section */

/* Begin PBXFrameworksBuildPhase section */
		4CDD67631B7716A600A05565 /* Frameworks */ = {
			isa = PBXFrameworksBuildPhase;
			buildActionMask = 2147483647;
			files = (
			);
			runOnlyForDeploymentPostprocessing = 0;
		};
		4CDD67771B7716A600A05565 /* Frameworks */ = {
			isa = PBXFrameworksBuildPhase;
			buildActionMask = 2147483647;
			files = (
			);
			runOnlyForDeploymentPostprocessing = 0;
		};
		4CDD67821B7716A600A05565 /* Frameworks */ = {
			isa = PBXFrameworksBuildPhase;
			buildActionMask = 2147483647;
			files = (
			);
			runOnlyForDeploymentPostprocessing = 0;
		};
/* End PBXFrameworksBuildPhase section */

/* Begin PBXGroup section */
		4CDD675D1B7716A600A05565 = {
			isa = PBXGroup;
			children = (
				4CDD67681B7716A600A05565 /* 紫诺小鸡 */,
				4CDD677D1B7716A600A05565 /* 紫诺小鸡Tests */,
				4CDD67881B7716A600A05565 /* 紫诺小鸡UITests */,
				4CDD67671B7716A600A05565 /* Products */,
			);
			sourceTree = "<group>";
		};
		4CDD67671B7716A600A05565 /* Products */ = {
			isa = PBXGroup;
			children = (
				4CDD67661B7716A600A05565 /* 紫诺小鸡.app */,
				4CDD677A1B7716A600A05565 /* 紫诺小鸡Tests.xctest */,
				4CDD67851B7716A600A05565 /* 紫诺小鸡UITests.xctest */,
			);
			name = Products;
			sourceTree = "<group>";
		};
		4CDD67681B7716A600A05565 /* 紫诺小鸡 */ = {
			isa = PBXGroup;
			children = (
				4CDD676D1B7716A600A05565 /* Main.storyboard */,
				4CDD67691B7716A600A05565 /* AppDelegate.swift */,
				4CDD676B1B7716A600A05565 /* ViewController.swift */,
				4CDD67721B7716A600A05565 /* LaunchScreen.storyboard */,
				4CDD67751B7716A600A05565 /* Info.plist */,
				4CDD67701B7716A600A05565 /* Assets.xcassets */,
			);
			path = "紫诺小鸡";
			sourceTree = "<group>";
		};
		4CDD677D1B7716A600A05565 /* 紫诺小鸡Tests */ = {
			isa = PBXGroup;
			children = (
				4CDD677E1B7716A600A05565 /* ____Tests.swift */,
				4CDD67801B7716A600A05565 /* Info.plist */,
			);
			path = "紫诺小鸡Tests";
			sourceTree = "<group>";
		};
		4CDD67881B7716A600A05565 /* 紫诺小鸡UITests */ = {
			isa = PBXGroup;
			children = (
				4CDD67891B7716A600A05565 /* ____UITests.swift */,
				4CDD678B1B7716A600A05565 /* Info.plist */,
			);
			path = "紫诺小鸡UITests";
			sourceTree = "<group>";
		};
/* End PBXGroup section */

/* Begin PBXNativeTarget section */
		4CDD67651B7716A600A05565 /* 紫诺小鸡 */ = {
			isa = PBXNativeTarget;
			buildConfigurationList = 4CDD678E1B7716A600A05565 /* Build configuration list for PBXNativeTarget "紫诺小鸡" */;
			buildPhases = (
				4CDD67621B7716A600A05565 /* Sources */,
				4CDD67631B7716A600A05565 /* Frameworks */,
				4CDD67641B7716A600A05565 /* Resources */,
			);
			buildRules = (
			);
			dependencies = (
			);
			name = "紫诺小鸡";
			productName = "紫诺小鸡";
			productReference = 4CDD67661B7716A600A05565 /* 紫诺小鸡.app */;
			productType = "com.apple.product-type.application";
		};
		4CDD67791B7716A600A05565 /* 紫诺小鸡Tests */ = {
			isa = PBXNativeTarget;
			buildConfigurationList = 4CDD67911B7716A600A05565 /* Build configuration list for PBXNativeTarget "紫诺小鸡Tests" */;
			buildPhases = (
				4CDD67761B7716A600A05565 /* Sources */,
				4CDD67771B7716A600A05565 /* Frameworks */,
				4CDD67781B7716A600A05565 /* Resources */,
			);
			buildRules = (
			);
			dependencies = (
				4CDD677C1B7716A600A05565 /* PBXTargetDependency */,
			);
			name = "紫诺小鸡Tests";
			productName = "紫诺小鸡Tests";
			productReference = 4CDD677A1B7716A600A05565 /* 紫诺小鸡Tests.xctest */;
			productType = "com.apple.product-type.bundle.unit-test";
		};
		4CDD67841B7716A600A05565 /* 紫诺小鸡UITests */ = {
			isa = PBXNativeTarget;
			buildConfigurationList = 4CDD67941B7716A600A05565 /* Build configuration list for PBXNativeTarget "紫诺小鸡UITests" */;
			buildPhases = (
				4CDD67811B7716A600A05565 /* Sources */,
				4CDD67821B7716A600A05565 /* Frameworks */,
				4CDD67831B7716A600A05565 /* Resources */,
			);
			buildRules = (
			);
			dependencies = (
				4CDD67871B7716A600A05565 /* PBXTargetDependency */,
			);
			name = "紫诺小鸡UITests";
			productName = "紫诺小鸡UITests";
			productReference = 4CDD67851B7716A600A05565 /* 紫诺小鸡UITests.xctest */;
			productType = "com.apple.product-type.bundle.ui-testing";
		};
/* End PBXNativeTarget section */

/* Begin PBXProject section */
		4CDD675E1B7716A600A05565 /* Project object */ = {
			isa = PBXProject;
			attributes = {
				LastUpgradeCheck = 0700;
				ORGANIZATIONNAME = "马超";
				TargetAttributes = {
					4CDD67651B7716A600A05565 = {
						CreatedOnToolsVersion = 7.0;
						DevelopmentTeam = H8D9BJZ996;
					};
					4CDD67791B7716A600A05565 = {
						CreatedOnToolsVersion = 7.0;
						TestTargetID = 4CDD67651B7716A600A05565;
					};
					4CDD67841B7716A600A05565 = {
						CreatedOnToolsVersion = 7.0;
						TestTargetID = 4CDD67651B7716A600A05565;
					};
				};
			};
			buildConfigurationList = 4CDD67611B7716A600A05565 /* Build configuration list for PBXProject "紫诺小鸡" */;
			compatibilityVersion = "Xcode 3.2";
			developmentRegion = English;
			hasScannedForEncodings = 0;
			knownRegions = (
				en,
				Base,
			);
			mainGroup = 4CDD675D1B7716A600A05565;
			productRefGroup = 4CDD67671B7716A600A05565 /* Products */;
			projectDirPath = "";
			projectRoot = "";
			targets = (
				4CDD67651B7716A600A05565 /* 紫诺小鸡 */,
				4CDD67791B7716A600A05565 /* 紫诺小鸡Tests */,
				4CDD67841B7716A600A05565 /* 紫诺小鸡UITests */,
			);
		};
/* End PBXProject section */

/* Begin PBXResourcesBuildPhase section */
		4CDD67641B7716A600A05565 /* Resources */ = {
			isa = PBXResourcesBuildPhase;
			buildActionMask = 2147483647;
			files = (
				4CDD67741B7716A600A05565 /* LaunchScreen.storyboard in Resources */,
				4CDD67711B7716A600A05565 /* Assets.xcassets in Resources */,
				4CDD676F1B7716A600A05565 /* Main.storyboard in Resources */,
			);
			runOnlyForDeploymentPostprocessing = 0;
		};
		4CDD67781B7716A600A05565 /* Resources */ = {
			isa = PBXResourcesBuildPhase;
			buildActionMask = 2147483647;
			files = (
			);
			runOnlyForDeploymentPostprocessing = 0;
		};
		4CDD67831B7716A600A05565 /* Resources */ = {
			isa = PBXResourcesBuildPhase;
			buildActionMask = 2147483647;
			files = (
			);
			runOnlyForDeploymentPostprocessing = 0;
		};
/* End PBXResourcesBuildPhase section */

/* Begin PBXSourcesBuildPhase section */
		4CDD67621B7716A600A05565 /* Sources */ = {
			isa = PBXSourcesBuildPhase;
			buildActionMask = 2147483647;
			files = (
				4CDD676C1B7716A600A05565 /* ViewController.swift in Sources */,
				4CDD676A1B7716A600A05565 /* AppDelegate.swift in Sources */,
			);
			runOnlyForDeploymentPostprocessing = 0;
		};
		4CDD67761B7716A600A05565 /* Sources */ = {
			isa = PBXSourcesBuildPhase;
			buildActionMask = 2147483647;
			files = (
				4CDD677F1B7716A600A05565 /* ____Tests.swift in Sources */,
			);
			runOnlyForDeploymentPostprocessing = 0;
		};
		4CDD67811B7716A600A05565 /* Sources */ = {
			isa = PBXSourcesBuildPhase;
			buildActionMask = 2147483647;
			files = (
				4CDD678A1B7716A600A05565 /* ____UITests.swift in Sources */,
			);
			runOnlyForDeploymentPostprocessing = 0;
		};
/* End PBXSourcesBuildPhase section */

/* Begin PBXTargetDependency section */
		4CDD677C1B7716A600A05565 /* PBXTargetDependency */ = {
			isa = PBXTargetDependency;
			target = 4CDD67651B7716A600A05565 /* 紫诺小鸡 */;
			targetProxy = 4CDD677B1B7716A600A05565 /* PBXContainerItemProxy */;
		};
		4CDD67871B7716A600A05565 /* PBXTargetDependency */ = {
			isa = PBXTargetDependency;
			target = 4CDD67651B7716A600A05565 /* 紫诺小鸡 */;
			targetProxy = 4CDD67861B7716A600A05565 /* PBXContainerItemProxy */;
		};
/* End PBXTargetDependency section */

/* Begin PBXVariantGroup section */
		4CDD676D1B7716A600A05565 /* Main.storyboard */ = {
			isa = PBXVariantGroup;
			children = (
				4CDD676E1B7716A600A05565 /* Base */,
			);
			name = Main.storyboard;
			sourceTree = "<group>";
		};
		4CDD67721B7716A600A05565 /* LaunchScreen.storyboard */ = {
			isa = PBXVariantGroup;
			children = (
				4CDD67731B7716A600A05565 /* Base */,
			);
			name = LaunchScreen.storyboard;
			sourceTree = "<group>";
		};
/* End PBXVariantGroup section */

/* Begin XCBuildConfiguration section */
		4CDD678C1B7716A600A05565 /* Debug */ = {
			isa = XCBuildConfiguration;
			buildSettings = {
				ALWAYS_SEARCH_USER_PATHS = NO;
				CLANG_CXX_LANGUAGE_STANDARD = "gnu++0x";
				CLANG_CXX_LIBRARY = "libc++";
				CLANG_ENABLE_MODULES = YES;
				CLANG_ENABLE_OBJC_ARC = YES;
				CLANG_WARN_BOOL_CONVERSION = YES;
				CLANG_WARN_CONSTANT_CONVERSION = YES;
				CLANG_WARN_DIRECT_OBJC_ISA_USAGE = YES_ERROR;
				CLANG_WARN_EMPTY_BODY = YES;
				CLANG_WARN_ENUM_CONVERSION = YES;
				CLANG_WARN_INT_CONVERSION = YES;
				CLANG_WARN_OBJC_ROOT_CLASS = YES_ERROR;
				CLANG_WARN_UNREACHABLE_CODE = YES;
				CLANG_WARN__DUPLICATE_METHOD_MATCH = YES;
				"CODE_SIGN_IDENTITY[sdk=iphoneos*]" = "iPhone Developer";
				COPY_PHASE_STRIP = NO;
				DEBUG_INFORMATION_FORMAT = dwarf;
				ENABLE_STRICT_OBJC_MSGSEND = YES;
				ENABLE_TESTABILITY = YES;
				GCC_C_LANGUAGE_STANDARD = gnu99;
				GCC_DYNAMIC_NO_PIC = NO;
				GCC_NO_COMMON_BLOCKS = YES;
				GCC_OPTIMIZATION_LEVEL = 0;
				GCC_PREPROCESSOR_DEFINITIONS = (
					"DEBUG=1",
					"$(inherited)",
				);
				GCC_WARN_64_TO_32_BIT_CONVERSION = YES;
				GCC_WARN_ABOUT_RETURN_TYPE = YES_ERROR;
				GCC_WARN_UNDECLARED_SELECTOR = YES;
				GCC_WARN_UNINITIALIZED_AUTOS = YES_AGGRESSIVE;
				GCC_WARN_UNUSED_FUNCTION = YES;
				GCC_WARN_UNUSED_VARIABLE = YES;
				IPHONEOS_DEPLOYMENT_TARGET = 9.0;
				MTL_ENABLE_DEBUG_INFO = YES;
				ONLY_ACTIVE_ARCH = YES;
				SDKROOT = iphoneos;
				SWIFT_OPTIMIZATION_LEVEL = "-Onone";
			};
			name = Debug;
		};
		4CDD678D1B7716A600A05565 /* Release */ = {
			isa = XCBuildConfiguration;
			buildSettings = {
				ALWAYS_SEARCH_USER_PATHS = NO;
				CLANG_CXX_LANGUAGE_STANDARD = "gnu++0x";
				CLANG_CXX_LIBRARY = "libc++";
				CLANG_ENABLE_MODULES = YES;
				CLANG_ENABLE_OBJC_ARC = YES;
				CLANG_WARN_BOOL_CONVERSION = YES;
				CLANG_WARN_CONSTANT_CONVERSION = YES;
				CLANG_WARN_DIRECT_OBJC_ISA_USAGE = YES_ERROR;
				CLANG_WARN_EMPTY_BODY = YES;
				CLANG_WARN_ENUM_CONVERSION = YES;
				CLANG_WARN_INT_CONVERSION = YES;
				CLANG_WARN_OBJC_ROOT_CLASS = YES_ERROR;
				CLANG_WARN_UNREACHABLE_CODE = YES;
				CLANG_WARN__DUPLICATE_METHOD_MATCH = YES;
				"CODE_SIGN_IDENTITY[sdk=iphoneos*]" = "iPhone Developer";
				COPY_PHASE_STRIP = NO;
				DEBUG_INFORMATION_FORMAT = "dwarf-with-dsym";
				ENABLE_NS_ASSERTIONS = NO;
				ENABLE_STRICT_OBJC_MSGSEND = YES;
				GCC_C_LANGUAGE_STANDARD = gnu99;
				GCC_NO_COMMON_BLOCKS = YES;
				GCC_WARN_64_TO_32_BIT_CONVERSION = YES;
				GCC_WARN_ABOUT_RETURN_TYPE = YES_ERROR;
				GCC_WARN_UNDECLARED_SELECTOR = YES;
				GCC_WARN_UNINITIALIZED_AUTOS = YES_AGGRESSIVE;
				GCC_WARN_UNUSED_FUNCTION = YES;
				GCC_WARN_UNUSED_VARIABLE = YES;
				IPHONEOS_DEPLOYMENT_TARGET = 9.0;
				MTL_ENABLE_DEBUG_INFO = NO;
				SDKROOT = iphoneos;
				VALIDATE_PRODUCT = YES;
			};
			name = Release;
		};
		4CDD678F1B7716A600A05565 /* Debug */ = {
			isa = XCBuildConfiguration;
			buildSettings = {
				ASSETCATALOG_COMPILER_APPICON_NAME = AppIcon;
				CODE_SIGN_IDENTITY = "iPhone Developer";
				"CODE_SIGN_IDENTITY[sdk=iphoneos*]" = "iPhone Developer";
				INFOPLIST_FILE = "紫诺小鸡/Info.plist";
				IPHONEOS_DEPLOYMENT_TARGET = 8.4;
				LD_RUNPATH_SEARCH_PATHS = "$(inherited) @executable_path/Frameworks";
				PRODUCT_BUNDLE_IDENTIFIER = kjakjgka;
				PRODUCT_NAME = "$(TARGET_NAME)";
				PROVISIONING_PROFILE = "";
				TARGETED_DEVICE_FAMILY = 2;
			};
			name = Debug;
		};
		4CDD67901B7716A600A05565 /* Release */ = {
			isa = XCBuildConfiguration;
			buildSettings = {
				ASSETCATALOG_COMPILER_APPICON_NAME = AppIcon;
				CODE_SIGN_IDENTITY = "iPhone Developer";
				"CODE_SIGN_IDENTITY[sdk=iphoneos*]" = "iPhone Developer";
				INFOPLIST_FILE = "紫诺小鸡/Info.plist";
				IPHONEOS_DEPLOYMENT_TARGET = 8.4;
				LD_RUNPATH_SEARCH_PATHS = "$(inherited) @executable_path/Frameworks";
				PRODUCT_BUNDLE_IDENTIFIER = kjakjgka;
				PRODUCT_NAME = "$(TARGET_NAME)";
				PROVISIONING_PROFILE = "";
				TARGETED_DEVICE_FAMILY = 2;
			};
			name = Release;
		};
		4CDD67921B7716A600A05565 /* Debug */ = {
			isa = XCBuildConfiguration;
			buildSettings = {
				BUNDLE_LOADER = "$(TEST_HOST)";
				INFOPLIST_FILE = "紫诺小鸡Tests/Info.plist";
				LD_RUNPATH_SEARCH_PATHS = "$(inherited) @executable_path/Frameworks @loader_path/Frameworks";
				PRODUCT_BUNDLE_IDENTIFIER = "--.----Tests";
				PRODUCT_NAME = "$(TARGET_NAME)";
				TEST_HOST = "$(BUILT_PRODUCTS_DIR)/紫诺小鸡.app/紫诺小鸡";
			};
			name = Debug;
		};
		4CDD67931B7716A600A05565 /* Release */ = {
			isa = XCBuildConfiguration;
			buildSettings = {
				BUNDLE_LOADER = "$(TEST_HOST)";
				INFOPLIST_FILE = "紫诺小鸡Tests/Info.plist";
				LD_RUNPATH_SEARCH_PATHS = "$(inherited) @executable_path/Frameworks @loader_path/Frameworks";
				PRODUCT_BUNDLE_IDENTIFIER = "--.----Tests";
				PRODUCT_NAME = "$(TARGET_NAME)";
				TEST_HOST = "$(BUILT_PRODUCTS_DIR)/紫诺小鸡.app/紫诺小鸡";
			};
			name = Release;
		};
		4CDD67951B7716A600A05565 /* Debug */ = {
			isa = XCBuildConfiguration;
			buildSettings = {
				INFOPLIST_FILE = "紫诺小鸡UITests/Info.plist";
				LD_RUNPATH_SEARCH_PATHS = "$(inherited) @executable_path/Frameworks @loader_path/Frameworks";
				PRODUCT_BUNDLE_IDENTIFIER = "--.----UITests";
				PRODUCT_NAME = "$(TARGET_NAME)";
				TEST_TARGET_NAME = "紫诺小鸡";
				USES_XCTRUNNER = YES;
			};
			name = Debug;
		};
		4CDD67961B7716A600A05565 /* Release */ = {
			isa = XCBuildConfiguration;
			buildSettings = {
				INFOPLIST_FILE = "紫诺小鸡UITests/Info.plist";
				LD_RUNPATH_SEARCH_PATHS = "$(inherited) @executable_path/Frameworks @loader_path/Frameworks";
				PRODUCT_BUNDLE_IDENTIFIER = "--.----UITests";
				PRODUCT_NAME = "$(TARGET_NAME)";
				TEST_TARGET_NAME = "紫诺小鸡";
				USES_XCTRUNNER = YES;
			};
			name = Release;
		};
/* End XCBuildConfiguration section */

/* Begin XCConfigurationList section */
		4CDD67611B7716A600A05565 /* Build configuration list for PBXProject "紫诺小鸡" */ = {
			isa = XCConfigurationList;
			buildConfigurations = (
				4CDD678C1B7716A600A05565 /* Debug */,
				4CDD678D1B7716A600A05565 /* Release */,
			);
			defaultConfigurationIsVisible = 0;
			defaultConfigurationName = Release;
		};
		4CDD678E1B7716A600A05565 /* Build configuration list for PBXNativeTarget "紫诺小鸡" */ = {
			isa = XCConfigurationList;
			buildConfigurations = (
				4CDD678F1B7716A600A05565 /* Debug */,
				4CDD67901B7716A600A05565 /* Release */,
			);
			defaultConfigurationIsVisible = 0;
			defaultConfigurationName = Release;
		};
		4CDD67911B7716A600A05565 /* Build configuration list for PBXNativeTarget "紫诺小鸡Tests" */ = {
			isa = XCConfigurationList;
			buildConfigurations = (
				4CDD67921B7716A600A05565 /* Debug */,
				4CDD67931B7716A600A05565 /* Release */,
			);
			defaultConfigurationIsVisible = 0;
			defaultConfigurationName = Release;
		};
		4CDD67941B7716A600A05565 /* Build configuration list for PBXNativeTarget "紫诺小鸡UITests" */ = {
			isa = XCConfigurationList;
			buildConfigurations = (
				4CDD67951B7716A600A05565 /* Debug */,
				4CDD67961B7716A600A05565 /* Release */,
			);
			defaultConfigurationIsVisible = 0;
			defaultConfigurationName = Release;
		};
/* End XCConfigurationList section */
	};
	rootObject = 4CDD675E1B7716A600A05565 /* Project object */;
}
